
Microsoft Visual Studio Solution File, Format Version 12.00
# Visual Studio Version 16
VisualStudioVersion = 16.0.30611.23
MinimumVisualStudioVersion = 10.0.40219.1
Project("{FAE04EC0-301F-11D3-BF4B-00C04F79EFBC}") = "HotelListing", "HotelListing.csproj", "{C69803BB-DEFB-49F9-A817-16CB78082445}"
EndProject
Global
	GlobalSection(SolutionConfigurationPlatforms) = preSolution
		Debug|Any CPU = Debug|Any CPU
		Release|Any CPU = Release|Any CPU
	EndGlobalSection
	GlobalSection(ProjectConfigurationPlatforms) = postSolution
		{C69803BB-DEFB-49F9-A817-16CB78082445}.Debug|Any CPU.ActiveCfg = Debug|Any CPU
		{C69803BB-DEFB-49F9-A817-16CB78082445}.Debug|Any CPU.Build.0 = Debug|Any CPU
		{C69803BB-DEFB-49F9-A817-16CB78082445}.Release|Any CPU.ActiveCfg = Release|Any CPU
		{C69803BB-DEFB-49F9-A817-16CB78082445}.Release|Any CPU.Build.0 = Release|Any CPU
	EndGlobalSection
	GlobalSection(SolutionProperties) = preSolution
		HideSolutionNode = FALSE
	EndGlobalSection
	GlobalSection(ExtensibilityGlobals) = postSolution
		SolutionGuid = {80A269CA-7E96-417D-91BD-2002DA8121E3}
	EndGlobalSection
EndGlobal
